{
    "_readme": [
        "This file locks the dependencies of your project to a known state",
        "Read more about it at https://getcomposer.org/doc/01-basic-usage.md#installing-dependencies",
        "This file is @generated automatically"
    ],
    "content-hash": "f4e8ed6292397cefd803ba1e01a5b585",
    "packages": [],
    "packages-dev": [],
    "aliases": [],
    "minimum-stability": "stable",
    "stability-flags": [],
    "prefer-stable": false,
    "prefer-lowest": false,
    "platform": {
        "php-64bit": "^7.0.15",
        "ext-mbstring": "*"
    },
    "platform-dev": {
        "ext-gmp": "*",
        "ext-openssl": "*",
        "ext-mcrypt": "*"
    }
}
